
Microsoft Visual Studio Solution File, Format Version 12.00
# Visual Studio Version 17
VisualStudioVersion = 17.1.32210.238
MinimumVisualStudioVersion = 10.0.40219.1
Project("{FAE04EC0-301F-11D3-BF4B-00C04F79EFBC}") = "BoardingPassUI.UWP", "BoardingPassUI\BoardingPassUI.UWP\BoardingPassUI.UWP.csproj", "{8394FB34-A001-449B-9AF4-A359D3F09457}"
EndProject
Project("{FAE04EC0-301F-11D3-BF4B-00C04F79EFBC}") = "BoardingPassUI.Android", "BoardingPassUI\BoardingPassUI.Android\BoardingPassUI.Android.csproj", "{661026EC-5705-4F38-ABE1-622B42E84112}"
EndProject
Project("{FAE04EC0-301F-11D3-BF4B-00C04F79EFBC}") = "BoardingPassUI.iOS", "BoardingPassUI\BoardingPassUI.iOS\BoardingPassUI.iOS.csproj", "{91096D79-9F27-4476-8E4B-4FCD8F25D895}"
EndProject
Project("{FAE04EC0-301F-11D3-BF4B-00C04F79EFBC}") = "BoardingPassUI", "BoardingPassUI\BoardingPassUI\BoardingPassUI.csproj", "{6E057C4C-71F2-486D-8E76-60F12039F9C4}"
EndProject
Global
	GlobalSection(SolutionConfigurationPlatforms) = preSolution
		Debug|Any CPU = Debug|Any CPU
		Debug|ARM = Debug|ARM
		Debug|iPhone = Debug|iPhone
		Debug|iPhoneSimulator = Debug|iPhoneSimulator
		Debug|x64 = Debug|x64
		Debug|x86 = Debug|x86
		Release|Any CPU = Release|Any CPU
		Release|ARM = Release|ARM
		Release|iPhone = Release|iPhone
		Release|iPhoneSimulator = Release|iPhoneSimulator
		Release|x64 = Release|x64
		Release|x86 = Release|x86
	EndGlobalSection
	GlobalSection(ProjectConfigurationPlatforms) = postSolution
		{8394FB34-A001-449B-9AF4-A359D3F09457}.Debug|Any CPU.ActiveCfg = Debug|x64
		{8394FB34-A001-449B-9AF4-A359D3F09457}.Debug|Any CPU.Build.0 = Debug|x64
		{8394FB34-A001-449B-9AF4-A359D3F09457}.Debug|Any CPU.Deploy.0 = Debug|x64
		{8394FB34-A001-449B-9AF4-A359D3F09457}.Debug|ARM.ActiveCfg = Debug|ARM
		{8394FB34-A001-449B-9AF4-A359D3F09457}.Debug|ARM.Build.0 = Debug|ARM
		{8394FB34-A001-449B-9AF4-A359D3F09457}.Debug|ARM.Deploy.0 = Debug|ARM
		{8394FB34-A001-449B-9AF4-A359D3F09457}.Debug|iPhone.ActiveCfg = Debug|x64
		{8394FB34-A001-449B-9AF4-A359D3F09457}.Debug|iPhone.Build.0 = Debug|x64
		{8394FB34-A001-449B-9AF4-A359D3F09457}.Debug|iPhone.Deploy.0 = Debug|x64
		{8394FB34-A001-449B-9AF4-A359D3F09457}.Debug|iPhoneSimulator.ActiveCfg = Debug|x64
		{8394FB34-A001-449B-9AF4-A359D3F09457}.Debug|iPhoneSimulator.Build.0 = Debug|x64
		{8394FB34-A001-449B-9AF4-A359D3F09457}.Debug|iPhoneSimulator.Deploy.0 = Debug|x64
		{8394FB34-A001-449B-9AF4-A359D3F09457}.Debug|x64.ActiveCfg = Debug|x64
		{8394FB34-A001-449B-9AF4-A359D3F09457}.Debug|x64.Build.0 = Debug|x64
		{8394FB34-A001-449B-9AF4-A359D3F09457}.Debug|x64.Deploy.0 = Debug|x64
		{8394FB34-A001-449B-9AF4-A359D3F09457}.Debug|x86.ActiveCfg = Debug|x86
		{8394FB34-A001-449B-9AF4-A359D3F09457}.Debug|x86.Build.0 = Debug|x86
		{8394FB34-A001-449B-9AF4-A359D3F09457}.Debug|x86.Deploy.0 = Debug|x86
		{8394FB34-A001-449B-9AF4-A359D3F09457}.Release|Any CPU.ActiveCfg = Release|x64
		{8394FB34-A001-449B-9AF4-A359D3F09457}.Release|Any CPU.Build.0 = Release|x64
		{8394FB34-A001-449B-9AF4-A359D3F09457}.Release|Any CPU.Deploy.0 = Release|x64
		{8394FB34-A001-449B-9AF4-A359D3F09457}.Release|ARM.ActiveCfg = Release|ARM
		{8394FB34-A001-449B-9AF4-A359D3F09457}.Release|ARM.Build.0 = Release|ARM
		{8394FB34-A001-449B-9AF4-A359D3F09457}.Release|ARM.Deploy.0 = Release|ARM
		{8394FB34-A001-449B-9AF4-A359D3F09457}.Release|iPhone.ActiveCfg = Release|x64
		{8394FB34-A001-449B-9AF4-A359D3F09457}.Release|iPhone.Build.0 = Release|x64
		{8394FB34-A001-449B-9AF4-A359D3F09457}.Release|iPhone.Deploy.0 = Release|x64
		{8394FB34-A001-449B-9AF4-A359D3F09457}.Release|iPhoneSimulator.ActiveCfg = Release|x64
		{8394FB34-A001-449B-9AF4-A359D3F09457}.Release|iPhoneSimulator.Build.0 = Release|x64
		{8394FB34-A001-449B-9AF4-A359D3F09457}.Release|iPhoneSimulator.Deploy.0 = Release|x64
		{8394FB34-A001-449B-9AF4-A359D3F09457}.Release|x64.ActiveCfg = Release|x64
		{8394FB34-A001-449B-9AF4-A359D3F09457}.Release|x64.Build.0 = Release|x64
		{8394FB34-A001-449B-9AF4-A359D3F09457}.Release|x64.Deploy.0 = Release|x64
		{8394FB34-A001-449B-9AF4-A359D3F09457}.Release|x86.ActiveCfg = Release|x86
		{8394FB34-A001-449B-9AF4-A359D3F09457}.Release|x86.Build.0 = Release|x86
		{8394FB34-A001-449B-9AF4-A359D3F09457}.Release|x86.Deploy.0 = Release|x86
		{661026EC-5705-4F38-ABE1-622B42E84112}.Debug|Any CPU.ActiveCfg = Debug|Any CPU
		{661026EC-5705-4F38-ABE1-622B42E84112}.Debug|Any CPU.Build.0 = Debug|Any CPU
		{661026EC-5705-4F38-ABE1-622B42E84112}.Debug|Any CPU.Deploy.0 = Debug|Any CPU
		{661026EC-5705-4F38-ABE1-622B42E84112}.Debug|ARM.ActiveCfg = Debug|Any CPU
		{661026EC-5705-4F38-ABE1-622B42E84112}.Debug|ARM.Build.0 = Debug|Any CPU
		{661026EC-5705-4F38-ABE1-622B42E84112}.Debug|ARM.Deploy.0 = Debug|Any CPU
		{661026EC-5705-4F38-ABE1-622B42E84112}.Debug|iPhone.ActiveCfg = Debug|Any CPU
		{661026EC-5705-4F38-ABE1-622B42E84112}.Debug|iPhone.Build.0 = Debug|Any CPU
		{661026EC-5705-4F38-ABE1-622B42E84112}.Debug|iPhone.Deploy.0 = Debug|Any CPU
		{661026EC-5705-4F38-ABE1-622B42E84112}.Debug|iPhoneSimulator.ActiveCfg = Debug|Any CPU
		{661026EC-5705-4F38-ABE1-622B42E84112}.Debug|iPhoneSimulator.Build.0 = Debug|Any CPU
		{661026EC-5705-4F38-ABE1-622B42E84112}.Debug|iPhoneSimulator.Deploy.0 = Debug|Any CPU
		{661026EC-5705-4F38-ABE1-622B42E84112}.Debug|x64.ActiveCfg = Debug|Any CPU
		{661026EC-5705-4F38-ABE1-622B42E84112}.Debug|x64.Build.0 = Debug|Any CPU
		{661026EC-5705-4F38-ABE1-622B42E84112}.Debug|x64.Deploy.0 = Debug|Any CPU
		{661026EC-5705-4F38-ABE1-622B42E84112}.Debug|x86.ActiveCfg = Debug|Any CPU
		{661026EC-5705-4F38-ABE1-622B42E84112}.Debug|x86.Build.0 = Debug|Any CPU
		{661026EC-5705-4F38-ABE1-622B42E84112}.Debug|x86.Deploy.0 = Debug|Any CPU
		{661026EC-5705-4F38-ABE1-622B42E84112}.Release|Any CPU.ActiveCfg = Release|Any CPU
		{661026EC-5705-4F38-ABE1-622B42E84112}.Release|Any CPU.Build.0 = Release|Any CPU
		{661026EC-5705-4F38-ABE1-622B42E84112}.Release|Any CPU.Deploy.0 = Release|Any CPU
		{661026EC-5705-4F38-ABE1-622B42E84112}.Release|ARM.ActiveCfg = Release|Any CPU
		{661026EC-5705-4F38-ABE1-622B42E84112}.Release|ARM.Build.0 = Release|Any CPU
		{661026EC-5705-4F38-ABE1-622B42E84112}.Release|ARM.Deploy.0 = Release|Any CPU
		{661026EC-5705-4F38-ABE1-622B42E84112}.Release|iPhone.ActiveCfg = Release|Any CPU
		{661026EC-5705-4F38-ABE1-622B42E84112}.Release|iPhone.Build.0 = Release|Any CPU
		{661026EC-5705-4F38-ABE1-622B42E84112}.Release|iPhone.Deploy.0 = Release|Any CPU
		{661026EC-5705-4F38-ABE1-622B42E84112}.Release|iPhoneSimulator.ActiveCfg = Release|Any CPU
		{661026EC-5705-4F38-ABE1-622B42E84112}.Release|iPhoneSimulator.Build.0 = Release|Any CPU
		{661026EC-5705-4F38-ABE1-622B42E84112}.Release|iPhoneSimulator.Deploy.0 = Release|Any CPU
		{661026EC-5705-4F38-ABE1-622B42E84112}.Release|x64.ActiveCfg = Release|Any CPU
		{661026EC-5705-4F38-ABE1-622B42E84112}.Release|x64.Build.0 = Release|Any CPU
		{661026EC-5705-4F38-ABE1-622B42E84112}.Release|x64.Deploy.0 = Release|Any CPU
		{661026EC-5705-4F38-ABE1-622B42E84112}.Release|x86.ActiveCfg = Release|Any CPU
		{661026EC-5705-4F38-ABE1-622B42E84112}.Release|x86.Build.0 = Release|Any CPU
		{661026EC-5705-4F38-ABE1-622B42E84112}.Release|x86.Deploy.0 = Release|Any CPU
		{91096D79-9F27-4476-8E4B-4FCD8F25D895}.Debug|Any CPU.ActiveCfg = Debug|iPhoneSimulator
		{91096D79-9F27-4476-8E4B-4FCD8F25D895}.Debug|Any CPU.Build.0 = Debug|iPhoneSimulator
		{91096D79-9F27-4476-8E4B-4FCD8F25D895}.Debug|Any CPU.Deploy.0 = Debug|iPhoneSimulator
		{91096D79-9F27-4476-8E4B-4FCD8F25D895}.Debug|ARM.ActiveCfg = Debug|iPhoneSimulator
		{91096D79-9F27-4476-8E4B-4FCD8F25D895}.Debug|ARM.Build.0 = Debug|iPhoneSimulator
		{91096D79-9F27-4476-8E4B-4FCD8F25D895}.Debug|ARM.Deploy.0 = Debug|iPhoneSimulator
		{91096D79-9F27-4476-8E4B-4FCD8F25D895}.Debug|iPhone.ActiveCfg = Debug|iPhone
		{91096D79-9F27-4476-8E4B-4FCD8F25D895}.Debug|iPhone.Build.0 = Debug|iPhone
		{91096D79-9F27-4476-8E4B-4FCD8F25D895}.Debug|iPhone.Deploy.0 = Debug|iPhone
		{91096D79-9F27-4476-8E4B-4FCD8F25D895}.Debug|iPhoneSimulator.ActiveCfg = Debug|iPhoneSimulator
		{91096D79-9F27-4476-8E4B-4FCD8F25D895}.Debug|iPhoneSimulator.Build.0 = Debug|iPhoneSimulator
		{91096D79-9F27-4476-8E4B-4FCD8F25D895}.Debug|iPhoneSimulator.Deploy.0 = Debug|iPhoneSimulator
		{91096D79-9F27-4476-8E4B-4FCD8F25D895}.Debug|x64.ActiveCfg = Debug|iPhone
		{91096D79-9F27-4476-8E4B-4FCD8F25D895}.Debug|x64.Build.0 = Debug|iPhone
		{91096D79-9F27-4476-8E4B-4FCD8F25D895}.Debug|x64.Deploy.0 = Debug|iPhone
		{91096D79-9F27-4476-8E4B-4FCD8F25D895}.Debug|x86.ActiveCfg = Debug|iPhoneSimulator
		{91096D79-9F27-4476-8E4B-4FCD8F25D895}.Debug|x86.Build.0 = Debug|iPhoneSimulator
		{91096D79-9F27-4476-8E4B-4FCD8F25D895}.Debug|x86.Deploy.0 = Debug|iPhoneSimulator
		{91096D79-9F27-4476-8E4B-4FCD8F25D895}.Release|Any CPU.ActiveCfg = Release|iPhoneSimulator
		{91096D79-9F27-4476-8E4B-4FCD8F25D895}.Release|Any CPU.Build.0 = Release|iPhoneSimulator
		{91096D79-9F27-4476-8E4B-4FCD8F25D895}.Release|Any CPU.Deploy.0 = Release|iPhoneSimulator
		{91096D79-9F27-4476-8E4B-4FCD8F25D895}.Release|ARM.ActiveCfg = Release|iPhoneSimulator
		{91096D79-9F27-4476-8E4B-4FCD8F25D895}.Release|ARM.Build.0 = Release|iPhoneSimulator
		{91096D79-9F27-4476-8E4B-4FCD8F25D895}.Release|ARM.Deploy.0 = Release|iPhoneSimulator
		{91096D79-9F27-4476-8E4B-4FCD8F25D895}.Release|iPhone.ActiveCfg = Release|iPhone
		{91096D79-9F27-4476-8E4B-4FCD8F25D895}.Release|iPhone.Build.0 = Release|iPhone
		{91096D79-9F27-4476-8E4B-4FCD8F25D895}.Release|iPhone.Deploy.0 = Release|iPhone
		{91096D79-9F27-4476-8E4B-4FCD8F25D895}.Release|iPhoneSimulator.ActiveCfg = Release|iPhoneSimulator
		{91096D79-9F27-4476-8E4B-4FCD8F25D895}.Release|iPhoneSimulator.Build.0 = Release|iPhoneSimulator
		{91096D79-9F27-4476-8E4B-4FCD8F25D895}.Release|iPhoneSimulator.Deploy.0 = Release|iPhoneSimulator
		{91096D79-9F27-4476-8E4B-4FCD8F25D895}.Release|x64.ActiveCfg = Release|iPhoneSimulator
		{91096D79-9F27-4476-8E4B-4FCD8F25D895}.Release|x64.Build.0 = Release|iPhoneSimulator
		{91096D79-9F27-4476-8E4B-4FCD8F25D895}.Release|x64.Deploy.0 = Release|iPhoneSimulator
		{91096D79-9F27-4476-8E4B-4FCD8F25D895}.Release|x86.ActiveCfg = Release|iPhoneSimulator
		{91096D79-9F27-4476-8E4B-4FCD8F25D895}.Release|x86.Build.0 = Release|iPhoneSimulator
		{91096D79-9F27-4476-8E4B-4FCD8F25D895}.Release|x86.Deploy.0 = Release|iPhoneSimulator
		{6E057C4C-71F2-486D-8E76-60F12039F9C4}.Debug|Any CPU.ActiveCfg = Debug|Any CPU
		{6E057C4C-71F2-486D-8E76-60F12039F9C4}.Debug|Any CPU.Build.0 = Debug|Any CPU
		{6E057C4C-71F2-486D-8E76-60F12039F9C4}.Debug|Any CPU.Deploy.0 = Debug|Any CPU
		{6E057C4C-71F2-486D-8E76-60F12039F9C4}.Debug|ARM.ActiveCfg = Debug|Any CPU
		{6E057C4C-71F2-486D-8E76-60F12039F9C4}.Debug|ARM.Build.0 = Debug|Any CPU
		{6E057C4C-71F2-486D-8E76-60F12039F9C4}.Debug|ARM.Deploy.0 = Debug|Any CPU
		{6E057C4C-71F2-486D-8E76-60F12039F9C4}.Debug|iPhone.ActiveCfg = Debug|Any CPU
		{6E057C4C-71F2-486D-8E76-60F12039F9C4}.Debug|iPhone.Build.0 = Debug|Any CPU
		{6E057C4C-71F2-486D-8E76-60F12039F9C4}.Debug|iPhone.Deploy.0 = Debug|Any CPU
		{6E057C4C-71F2-486D-8E76-60F12039F9C4}.Debug|iPhoneSimulator.ActiveCfg = Debug|Any CPU
		{6E057C4C-71F2-486D-8E76-60F12039F9C4}.Debug|iPhoneSimulator.Build.0 = Debug|Any CPU
		{6E057C4C-71F2-486D-8E76-60F12039F9C4}.Debug|iPhoneSimulator.Deploy.0 = Debug|Any CPU
		{6E057C4C-71F2-486D-8E76-60F12039F9C4}.Debug|x64.ActiveCfg = Debug|Any CPU
		{6E057C4C-71F2-486D-8E76-60F12039F9C4}.Debug|x64.Build.0 = Debug|Any CPU
		{6E057C4C-71F2-486D-8E76-60F12039F9C4}.Debug|x64.Deploy.0 = Debug|Any CPU
		{6E057C4C-71F2-486D-8E76-60F12039F9C4}.Debug|x86.ActiveCfg = Debug|Any CPU
		{6E057C4C-71F2-486D-8E76-60F12039F9C4}.Debug|x86.Build.0 = Debug|Any CPU
		{6E057C4C-71F2-486D-8E76-60F12039F9C4}.Debug|x86.Deploy.0 = Debug|Any CPU
		{6E057C4C-71F2-486D-8E76-60F12039F9C4}.Release|Any CPU.ActiveCfg = Release|Any CPU
		{6E057C4C-71F2-486D-8E76-60F12039F9C4}.Release|Any CPU.Build.0 = Release|Any CPU
		{6E057C4C-71F2-486D-8E76-60F12039F9C4}.Release|Any CPU.Deploy.0 = Release|Any CPU
		{6E057C4C-71F2-486D-8E76-60F12039F9C4}.Release|ARM.ActiveCfg = Release|Any CPU
		{6E057C4C-71F2-486D-8E76-60F12039F9C4}.Release|ARM.Build.0 = Release|Any CPU
		{6E057C4C-71F2-486D-8E76-60F12039F9C4}.Release|ARM.Deploy.0 = Release|Any CPU
		{6E057C4C-71F2-486D-8E76-60F12039F9C4}.Release|iPhone.ActiveCfg = Release|Any CPU
		{6E057C4C-71F2-486D-8E76-60F12039F9C4}.Release|iPhone.Build.0 = Release|Any CPU
		{6E057C4C-71F2-486D-8E76-60F12039F9C4}.Release|iPhone.Deploy.0 = Release|Any CPU
		{6E057C4C-71F2-486D-8E76-60F12039F9C4}.Release|iPhoneSimulator.ActiveCfg = Release|Any CPU
		{6E057C4C-71F2-486D-8E76-60F12039F9C4}.Release|iPhoneSimulator.Build.0 = Release|Any CPU
		{6E057C4C-71F2-486D-8E76-60F12039F9C4}.Release|iPhoneSimulator.Deploy.0 = Release|Any CPU
		{6E057C4C-71F2-486D-8E76-60F12039F9C4}.Release|x64.ActiveCfg = Release|Any CPU
		{6E057C4C-71F2-486D-8E76-60F12039F9C4}.Release|x64.Build.0 = Release|Any CPU
		{6E057C4C-71F2-486D-8E76-60F12039F9C4}.Release|x64.Deploy.0 = Release|Any CPU
		{6E057C4C-71F2-486D-8E76-60F12039F9C4}.Release|x86.ActiveCfg = Release|Any CPU
		{6E057C4C-71F2-486D-8E76-60F12039F9C4}.Release|x86.Build.0 = Release|Any CPU
		{6E057C4C-71F2-486D-8E76-60F12039F9C4}.Release|x86.Deploy.0 = Release|Any CPU
	EndGlobalSection
	GlobalSection(SolutionProperties) = preSolution
		HideSolutionNode = FALSE
	EndGlobalSection
	GlobalSection(ExtensibilityGlobals) = postSolution
		SolutionGuid = {818F0EC1-A947-48B4-AF2C-7C5AADEF64D2}
	EndGlobalSection
EndGlobal
